// !$*UTF8*$!
{
	archiveVersion = 1;
	classes = {
	};
	objectVersion = 56;
	objects = {

/* Begin PBXBuildFile section */
		25071E072BD6923F00861B42 /* AuthViewController.swift in Sources */ = {isa = PBXBuildFile; fileRef = 25071E062BD6923F00861B42 /* AuthViewController.swift */; };
		25071E0A2BD70BFE00861B42 /* WebViewController.swift in Sources */ = {isa = PBXBuildFile; fileRef = 25071E092BD70BFE00861B42 /* WebViewController.swift */; };
		25071E0D2BDBE7B700861B42 /* OAuth2Service.swift in Sources */ = {isa = PBXBuildFile; fileRef = 25071E0C2BDBE7B700861B42 /* OAuth2Service.swift */; };
		252A44A72B9289FF00C14A20 /* AppDelegate.swift in Sources */ = {isa = PBXBuildFile; fileRef = 252A44A62B9289FF00C14A20 /* AppDelegate.swift */; };
		252A44A92B9289FF00C14A20 /* SceneDelegate.swift in Sources */ = {isa = PBXBuildFile; fileRef = 252A44A82B9289FF00C14A20 /* SceneDelegate.swift */; };
		252A44AB2B9289FF00C14A20 /* ImagesListViewController.swift in Sources */ = {isa = PBXBuildFile; fileRef = 252A44AA2B9289FF00C14A20 /* ImagesListViewController.swift */; };
		252A44AE2B9289FF00C14A20 /* Main.storyboard in Resources */ = {isa = PBXBuildFile; fileRef = 252A44AC2B9289FF00C14A20 /* Main.storyboard */; };
		252A44B12B9289FF00C14A20 /* setupProject.xcdatamodeld in Sources */ = {isa = PBXBuildFile; fileRef = 252A44AF2B9289FF00C14A20 /* setupProject.xcdatamodeld */; };
		252A44B32B928A0700C14A20 /* Assets.xcassets in Resources */ = {isa = PBXBuildFile; fileRef = 252A44B22B928A0700C14A20 /* Assets.xcassets */; };
		252A44B62B928A0700C14A20 /* LaunchScreen.storyboard in Resources */ = {isa = PBXBuildFile; fileRef = 252A44B42B928A0700C14A20 /* LaunchScreen.storyboard */; };
		252A44C12B928A0800C14A20 /* setupProjectTests.swift in Sources */ = {isa = PBXBuildFile; fileRef = 252A44C02B928A0800C14A20 /* setupProjectTests.swift */; };
		252A44CB2B928A0800C14A20 /* setupProjectUITests.swift in Sources */ = {isa = PBXBuildFile; fileRef = 252A44CA2B928A0800C14A20 /* setupProjectUITests.swift */; };
		252A44CD2B928A0800C14A20 /* setupProjectUITestsLaunchTests.swift in Sources */ = {isa = PBXBuildFile; fileRef = 252A44CC2B928A0800C14A20 /* setupProjectUITestsLaunchTests.swift */; };
		25648E712BE2E6B7008664F4 /* URLSession+data.swift in Sources */ = {isa = PBXBuildFile; fileRef = 25648E702BE2E6B7008664F4 /* URLSession+data.swift */; };
		25648E732BE3F710008664F4 /* OAuthTokenBody.swift in Sources */ = {isa = PBXBuildFile; fileRef = 25648E722BE3F710008664F4 /* OAuthTokenBody.swift */; };
		25648E752BE3F734008664F4 /* OAuth2TokenStorage.swift in Sources */ = {isa = PBXBuildFile; fileRef = 25648E742BE3F734008664F4 /* OAuth2TokenStorage.swift */; };
		2567413A2B9A7AA300D50319 /* ImagesListCell.swift in Sources */ = {isa = PBXBuildFile; fileRef = 256741392B9A7AA300D50319 /* ImagesListCell.swift */; };
		25936EEE2C0937C900A0E46D /* ProfileService.swift in Sources */ = {isa = PBXBuildFile; fileRef = 25936EED2C0937C900A0E46D /* ProfileService.swift */; };
		259B469B2CDABA4F00F96282 /* SwiftKeychainWrapper in Frameworks */ = {isa = PBXBuildFile; productRef = 259B469A2CDABA4F00F96282 /* SwiftKeychainWrapper */; };
		259B469F2CDCE04300F96282 /* TabBarController.swift in Sources */ = {isa = PBXBuildFile; fileRef = 259B469E2CDCE04300F96282 /* TabBarController.swift */; };
		259DDEB22CD94A94003ABBC9 /* Kingfisher in Frameworks */ = {isa = PBXBuildFile; productRef = 259DDEB12CD94A94003ABBC9 /* Kingfisher */; };
		25A017A52CD94619003B78A0 /* ProfileViewController.swift in Sources */ = {isa = PBXBuildFile; fileRef = 2571138A2BAF451D004692E6 /* ProfileViewController.swift */; };
		25A277FC2CE4038C007C49A7 /* ImageListService.swift in Sources */ = {isa = PBXBuildFile; fileRef = 25A277FB2CE4038C007C49A7 /* ImageListService.swift */; };
		25B915A22BFE945400E265C0 /* ProgressHUD in Frameworks */ = {isa = PBXBuildFile; productRef = 25B915A12BFE945400E265C0 /* ProgressHUD */; };
		25BCE7F52C03F33C00A309E5 /* UIBlockingProgressHUD.swift in Sources */ = {isa = PBXBuildFile; fileRef = 25BCE7F42C03F33C00A309E5 /* UIBlockingProgressHUD.swift */; };
		25BFBFCC2BB4D0C6004CB739 /* SingleImageViewController.swift in Sources */ = {isa = PBXBuildFile; fileRef = 25BFBFCB2BB4D0C6004CB739 /* SingleImageViewController.swift */; };
		25C032EB2BE58EC3007BD6CF /* SplashViewController.swift in Sources */ = {isa = PBXBuildFile; fileRef = 25C032EA2BE58EC3007BD6CF /* SplashViewController.swift */; };
		25C032ED2BE7C77B007BD6CF /* AuthViewControllerDelegate.swift in Sources */ = {isa = PBXBuildFile; fileRef = 25C032EC2BE7C77B007BD6CF /* AuthViewControllerDelegate.swift */; };
		25C032EF2BE7C7E5007BD6CF /* WebVIewControllerDelegate.swift in Sources */ = {isa = PBXBuildFile; fileRef = 25C032EE2BE7C7E5007BD6CF /* WebVIewControllerDelegate.swift */; };
		25C5BE692C1907F20057CB38 /* ProfileImageService.swift in Sources */ = {isa = PBXBuildFile; fileRef = 25C5BE682C1907F20057CB38 /* ProfileImageService.swift */; };
		25E5A3622BD28190003AD836 /* Constants.swift in Sources */ = {isa = PBXBuildFile; fileRef = 25E5A3612BD28190003AD836 /* Constants.swift */; };
/* End PBXBuildFile section */

/* Begin PBXContainerItemProxy section */
		252A44BD2B928A0800C14A20 /* PBXContainerItemProxy */ = {
			isa = PBXContainerItemProxy;
			containerPortal = 252A449B2B9289FE00C14A20 /* Project object */;
			proxyType = 1;
			remoteGlobalIDString = 252A44A22B9289FE00C14A20;
			remoteInfo = setupProject;
		};
		252A44C72B928A0800C14A20 /* PBXContainerItemProxy */ = {
			isa = PBXContainerItemProxy;
			containerPortal = 252A449B2B9289FE00C14A20 /* Project object */;
			proxyType = 1;
			remoteGlobalIDString = 252A44A22B9289FE00C14A20;
			remoteInfo = setupProject;
		};
/* End PBXContainerItemProxy section */

/* Begin PBXFileReference section */
		25071E062BD6923F00861B42 /* AuthViewController.swift */ = {isa = PBXFileReference; lastKnownFileType = sourcecode.swift; path = AuthViewController.swift; sourceTree = "<group>"; };
		25071E092BD70BFE00861B42 /* WebViewController.swift */ = {isa = PBXFileReference; lastKnownFileType = sourcecode.swift; path = WebViewController.swift; sourceTree = "<group>"; };
		25071E0C2BDBE7B700861B42 /* OAuth2Service.swift */ = {isa = PBXFileReference; lastKnownFileType = sourcecode.swift; path = OAuth2Service.swift; sourceTree = "<group>"; };
		252A44A32B9289FF00C14A20 /* setupProject.app */ = {isa = PBXFileReference; explicitFileType = wrapper.application; includeInIndex = 0; path = setupProject.app; sourceTree = BUILT_PRODUCTS_DIR; };
		252A44A62B9289FF00C14A20 /* AppDelegate.swift */ = {isa = PBXFileReference; lastKnownFileType = sourcecode.swift; path = AppDelegate.swift; sourceTree = "<group>"; };
		252A44A82B9289FF00C14A20 /* SceneDelegate.swift */ = {isa = PBXFileReference; lastKnownFileType = sourcecode.swift; path = SceneDelegate.swift; sourceTree = "<group>"; };
		252A44AA2B9289FF00C14A20 /* ImagesListViewController.swift */ = {isa = PBXFileReference; lastKnownFileType = sourcecode.swift; path = ImagesListViewController.swift; sourceTree = "<group>"; };
		252A44AD2B9289FF00C14A20 /* Base */ = {isa = PBXFileReference; lastKnownFileType = file.storyboard; name = Base; path = Base.lproj/Main.storyboard; sourceTree = "<group>"; };
		252A44B02B9289FF00C14A20 /* setupProject.xcdatamodel */ = {isa = PBXFileReference; lastKnownFileType = wrapper.xcdatamodel; path = setupProject.xcdatamodel; sourceTree = "<group>"; };
		252A44B22B928A0700C14A20 /* Assets.xcassets */ = {isa = PBXFileReference; lastKnownFileType = folder.assetcatalog; path = Assets.xcassets; sourceTree = "<group>"; };
		252A44B52B928A0700C14A20 /* Base */ = {isa = PBXFileReference; lastKnownFileType = file.storyboard; name = Base; path = Base.lproj/LaunchScreen.storyboard; sourceTree = "<group>"; };
		252A44B72B928A0700C14A20 /* Info.plist */ = {isa = PBXFileReference; lastKnownFileType = text.plist.xml; path = Info.plist; sourceTree = "<group>"; };
		252A44BC2B928A0800C14A20 /* setupProjectTests.xctest */ = {isa = PBXFileReference; explicitFileType = wrapper.cfbundle; includeInIndex = 0; path = setupProjectTests.xctest; sourceTree = BUILT_PRODUCTS_DIR; };
		252A44C02B928A0800C14A20 /* setupProjectTests.swift */ = {isa = PBXFileReference; lastKnownFileType = sourcecode.swift; path = setupProjectTests.swift; sourceTree = "<group>"; };
		252A44C62B928A0800C14A20 /* setupProjectUITests.xctest */ = {isa = PBXFileReference; explicitFileType = wrapper.cfbundle; includeInIndex = 0; path = setupProjectUITests.xctest; sourceTree = BUILT_PRODUCTS_DIR; };
		252A44CA2B928A0800C14A20 /* setupProjectUITests.swift */ = {isa = PBXFileReference; lastKnownFileType = sourcecode.swift; path = setupProjectUITests.swift; sourceTree = "<group>"; };
		252A44CC2B928A0800C14A20 /* setupProjectUITestsLaunchTests.swift */ = {isa = PBXFileReference; lastKnownFileType = sourcecode.swift; path = setupProjectUITestsLaunchTests.swift; sourceTree = "<group>"; };
		25648E702BE2E6B7008664F4 /* URLSession+data.swift */ = {isa = PBXFileReference; lastKnownFileType = sourcecode.swift; path = "URLSession+data.swift"; sourceTree = "<group>"; };
		25648E722BE3F710008664F4 /* OAuthTokenBody.swift */ = {isa = PBXFileReference; lastKnownFileType = sourcecode.swift; path = OAuthTokenBody.swift; sourceTree = "<group>"; };
		25648E742BE3F734008664F4 /* OAuth2TokenStorage.swift */ = {isa = PBXFileReference; lastKnownFileType = sourcecode.swift; path = OAuth2TokenStorage.swift; sourceTree = "<group>"; };
		256741392B9A7AA300D50319 /* ImagesListCell.swift */ = {isa = PBXFileReference; lastKnownFileType = sourcecode.swift; path = ImagesListCell.swift; sourceTree = "<group>"; };
		2571138A2BAF451D004692E6 /* ProfileViewController.swift */ = {isa = PBXFileReference; lastKnownFileType = sourcecode.swift; path = ProfileViewController.swift; sourceTree = "<group>"; };
		25936EED2C0937C900A0E46D /* ProfileService.swift */ = {isa = PBXFileReference; lastKnownFileType = sourcecode.swift; path = ProfileService.swift; sourceTree = "<group>"; };
		259B469E2CDCE04300F96282 /* TabBarController.swift */ = {isa = PBXFileReference; lastKnownFileType = sourcecode.swift; path = TabBarController.swift; sourceTree = "<group>"; };
		25A277FB2CE4038C007C49A7 /* ImageListService.swift */ = {isa = PBXFileReference; lastKnownFileType = sourcecode.swift; path = ImageListService.swift; sourceTree = "<group>"; };
		25BCE7F42C03F33C00A309E5 /* UIBlockingProgressHUD.swift */ = {isa = PBXFileReference; lastKnownFileType = sourcecode.swift; path = UIBlockingProgressHUD.swift; sourceTree = "<group>"; };
		25BFBFCB2BB4D0C6004CB739 /* SingleImageViewController.swift */ = {isa = PBXFileReference; lastKnownFileType = sourcecode.swift; path = SingleImageViewController.swift; sourceTree = "<group>"; };
		25C032EA2BE58EC3007BD6CF /* SplashViewController.swift */ = {isa = PBXFileReference; lastKnownFileType = sourcecode.swift; path = SplashViewController.swift; sourceTree = "<group>"; };
		25C032EC2BE7C77B007BD6CF /* AuthViewControllerDelegate.swift */ = {isa = PBXFileReference; lastKnownFileType = sourcecode.swift; path = AuthViewControllerDelegate.swift; sourceTree = "<group>"; };
		25C032EE2BE7C7E5007BD6CF /* WebVIewControllerDelegate.swift */ = {isa = PBXFileReference; lastKnownFileType = sourcecode.swift; path = WebVIewControllerDelegate.swift; sourceTree = "<group>"; };
		25C5BE682C1907F20057CB38 /* ProfileImageService.swift */ = {isa = PBXFileReference; lastKnownFileType = sourcecode.swift; path = ProfileImageService.swift; sourceTree = "<group>"; };
		25E5A3612BD28190003AD836 /* Constants.swift */ = {isa = PBXFileReference; lastKnownFileType = sourcecode.swift; path = Constants.swift; sourceTree = "<group>"; };
/* End PBXFileReference section */

/* Begin PBXFrameworksBuildPhase section */
		252A44A02B9289FE00C14A20 /* Frameworks */ = {
			isa = PBXFrameworksBuildPhase;
			buildActionMask = 2147483647;
			files = (
				259DDEB22CD94A94003ABBC9 /* Kingfisher in Frameworks */,
				25B915A22BFE945400E265C0 /* ProgressHUD in Frameworks */,
				259B469B2CDABA4F00F96282 /* SwiftKeychainWrapper in Frameworks */,
			);
			runOnlyForDeploymentPostprocessing = 0;
		};
		252A44B92B928A0800C14A20 /* Frameworks */ = {
			isa = PBXFrameworksBuildPhase;
			buildActionMask = 2147483647;
			files = (
			);
			runOnlyForDeploymentPostprocessing = 0;
		};
		252A44C32B928A0800C14A20 /* Frameworks */ = {
			isa = PBXFrameworksBuildPhase;
			buildActionMask = 2147483647;
			files = (
			);
			runOnlyForDeploymentPostprocessing = 0;
		};
/* End PBXFrameworksBuildPhase section */

/* Begin PBXGroup section */
		25071E082BD6E21D00861B42 /* auth */ = {
			isa = PBXGroup;
			children = (
				25071E062BD6923F00861B42 /* AuthViewController.swift */,
				25071E092BD70BFE00861B42 /* WebViewController.swift */,
				25C032EC2BE7C77B007BD6CF /* AuthViewControllerDelegate.swift */,
				25C032EE2BE7C7E5007BD6CF /* WebVIewControllerDelegate.swift */,
			);
			path = auth;
			sourceTree = "<group>";
		};
		25071E0B2BDBE79F00861B42 /* services */ = {
			isa = PBXGroup;
			children = (
				25071E0C2BDBE7B700861B42 /* OAuth2Service.swift */,
				25648E722BE3F710008664F4 /* OAuthTokenBody.swift */,
				25648E742BE3F734008664F4 /* OAuth2TokenStorage.swift */,
			);
			path = services;
			sourceTree = "<group>";
		};
		252A449A2B9289FE00C14A20 = {
			isa = PBXGroup;
			children = (
				252A44A52B9289FF00C14A20 /* setupProject */,
				252A44BF2B928A0800C14A20 /* setupProjectTests */,
				252A44C92B928A0800C14A20 /* setupProjectUITests */,
				252A44A42B9289FF00C14A20 /* Products */,
				259DDEB02CD94A94003ABBC9 /* Frameworks */,
			);
			sourceTree = "<group>";
		};
		252A44A42B9289FF00C14A20 /* Products */ = {
			isa = PBXGroup;
			children = (
				252A44A32B9289FF00C14A20 /* setupProject.app */,
				252A44BC2B928A0800C14A20 /* setupProjectTests.xctest */,
				252A44C62B928A0800C14A20 /* setupProjectUITests.xctest */,
			);
			name = Products;
			sourceTree = "<group>";
		};
		252A44A52B9289FF00C14A20 /* setupProject */ = {
			isa = PBXGroup;
			children = (
				25CB8A222C163748009F462B /* Profile */,
				25648E6F2BE2E6A2008664F4 /* Extension */,
				25071E0B2BDBE79F00861B42 /* services */,
				25071E082BD6E21D00861B42 /* auth */,
				25E5A3602BD2817C003AD836 /* api */,
				2567413B2B9A7AE700D50319 /* ImageList */,
				252A44A62B9289FF00C14A20 /* AppDelegate.swift */,
				25C032EA2BE58EC3007BD6CF /* SplashViewController.swift */,
				252A44A82B9289FF00C14A20 /* SceneDelegate.swift */,
				25BFBFCB2BB4D0C6004CB739 /* SingleImageViewController.swift */,
				252A44AC2B9289FF00C14A20 /* Main.storyboard */,
				252A44B22B928A0700C14A20 /* Assets.xcassets */,
				252A44B42B928A0700C14A20 /* LaunchScreen.storyboard */,
				252A44B72B928A0700C14A20 /* Info.plist */,
				252A44AF2B9289FF00C14A20 /* setupProject.xcdatamodeld */,
				25BCE7F42C03F33C00A309E5 /* UIBlockingProgressHUD.swift */,
				259B469E2CDCE04300F96282 /* TabBarController.swift */,
			);
			path = setupProject;
			sourceTree = "<group>";
		};
		252A44BF2B928A0800C14A20 /* setupProjectTests */ = {
			isa = PBXGroup;
			children = (
				252A44C02B928A0800C14A20 /* setupProjectTests.swift */,
			);
			path = setupProjectTests;
			sourceTree = "<group>";
		};
		252A44C92B928A0800C14A20 /* setupProjectUITests */ = {
			isa = PBXGroup;
			children = (
				252A44CA2B928A0800C14A20 /* setupProjectUITests.swift */,
				252A44CC2B928A0800C14A20 /* setupProjectUITestsLaunchTests.swift */,
			);
			path = setupProjectUITests;
			sourceTree = "<group>";
		};
		25648E6F2BE2E6A2008664F4 /* Extension */ = {
			isa = PBXGroup;
			children = (
				25648E702BE2E6B7008664F4 /* URLSession+data.swift */,
			);
			path = Extension;
			sourceTree = "<group>";
		};
		2567413B2B9A7AE700D50319 /* ImageList */ = {
			isa = PBXGroup;
			children = (
				25A277FB2CE4038C007C49A7 /* ImageListService.swift */,
				256741392B9A7AA300D50319 /* ImagesListCell.swift */,
				252A44AA2B9289FF00C14A20 /* ImagesListViewController.swift */,
			);
			path = ImageList;
			sourceTree = "<group>";
		};
		259DDEB02CD94A94003ABBC9 /* Frameworks */ = {
			isa = PBXGroup;
			children = (
			);
			name = Frameworks;
			sourceTree = "<group>";
		};
		25CB8A222C163748009F462B /* Profile */ = {
			isa = PBXGroup;
			children = (
				25936EED2C0937C900A0E46D /* ProfileService.swift */,
				2571138A2BAF451D004692E6 /* ProfileViewController.swift */,
				25C5BE682C1907F20057CB38 /* ProfileImageService.swift */,
			);
			path = Profile;
			sourceTree = "<group>";
		};
		25E5A3602BD2817C003AD836 /* api */ = {
			isa = PBXGroup;
			children = (
				25E5A3612BD28190003AD836 /* Constants.swift */,
			);
			path = api;
			sourceTree = "<group>";
		};
/* End PBXGroup section */

/* Begin PBXNativeTarget section */
		252A44A22B9289FE00C14A20 /* setupProject */ = {
			isa = PBXNativeTarget;
			buildConfigurationList = 252A44D02B928A0800C14A20 /* Build configuration list for PBXNativeTarget "setupProject" */;
			buildPhases = (
				252A449F2B9289FE00C14A20 /* Sources */,
				252A44A02B9289FE00C14A20 /* Frameworks */,
				252A44A12B9289FE00C14A20 /* Resources */,
			);
			buildRules = (
			);
			dependencies = (
			);
			name = setupProject;
			packageProductDependencies = (
				25B915A12BFE945400E265C0 /* ProgressHUD */,
				259DDEB12CD94A94003ABBC9 /* Kingfisher */,
				259B469A2CDABA4F00F96282 /* SwiftKeychainWrapper */,
			);
			productName = setupProject;
			productReference = 252A44A32B9289FF00C14A20 /* setupProject.app */;
			productType = "com.apple.product-type.application";
		};
		252A44BB2B928A0800C14A20 /* setupProjectTests */ = {
			isa = PBXNativeTarget;
			buildConfigurationList = 252A44D32B928A0800C14A20 /* Build configuration list for PBXNativeTarget "setupProjectTests" */;
			buildPhases = (
				252A44B82B928A0800C14A20 /* Sources */,
				252A44B92B928A0800C14A20 /* Frameworks */,
				252A44BA2B928A0800C14A20 /* Resources */,
			);
			buildRules = (
			);
			dependencies = (
				252A44BE2B928A0800C14A20 /* PBXTargetDependency */,
			);
			name = setupProjectTests;
			productName = setupProjectTests;
			productReference = 252A44BC2B928A0800C14A20 /* setupProjectTests.xctest */;
			productType = "com.apple.product-type.bundle.unit-test";
		};
		252A44C52B928A0800C14A20 /* setupProjectUITests */ = {
			isa = PBXNativeTarget;
			buildConfigurationList = 252A44D62B928A0800C14A20 /* Build configuration list for PBXNativeTarget "setupProjectUITests" */;
			buildPhases = (
				252A44C22B928A0800C14A20 /* Sources */,
				252A44C32B928A0800C14A20 /* Frameworks */,
				252A44C42B928A0800C14A20 /* Resources */,
			);
			buildRules = (
			);
			dependencies = (
				252A44C82B928A0800C14A20 /* PBXTargetDependency */,
			);
			name = setupProjectUITests;
			productName = setupProjectUITests;
			productReference = 252A44C62B928A0800C14A20 /* setupProjectUITests.xctest */;
			productType = "com.apple.product-type.bundle.ui-testing";
		};
/* End PBXNativeTarget section */

/* Begin PBXProject section */
		252A449B2B9289FE00C14A20 /* Project object */ = {
			isa = PBXProject;
			attributes = {
				BuildIndependentTargetsInParallel = 1;
				LastSwiftUpdateCheck = 1500;
				LastUpgradeCheck = 1500;
				TargetAttributes = {
					252A44A22B9289FE00C14A20 = {
						CreatedOnToolsVersion = 15.0.1;
					};
					252A44BB2B928A0800C14A20 = {
						CreatedOnToolsVersion = 15.0.1;
						TestTargetID = 252A44A22B9289FE00C14A20;
					};
					252A44C52B928A0800C14A20 = {
						CreatedOnToolsVersion = 15.0.1;
						TestTargetID = 252A44A22B9289FE00C14A20;
					};
				};
			};
			buildConfigurationList = 252A449E2B9289FE00C14A20 /* Build configuration list for PBXProject "setupProject" */;
			compatibilityVersion = "Xcode 14.0";
			developmentRegion = en;
			hasScannedForEncodings = 0;
			knownRegions = (
				en,
				Base,
			);
			mainGroup = 252A449A2B9289FE00C14A20;
			packageReferences = (
				25B915A02BFBF90400E265C0 /* XCRemoteSwiftPackageReference "ProgressHUD" */,
				259DDEAF2CD94A05003ABBC9 /* XCRemoteSwiftPackageReference "Kingfisher" */,
				259B46992CDABA4F00F96282 /* XCRemoteSwiftPackageReference "SwiftKeychainWrapper" */,
			);
			productRefGroup = 252A44A42B9289FF00C14A20 /* Products */;
			projectDirPath = "";
			projectRoot = "";
			targets = (
				252A44A22B9289FE00C14A20 /* setupProject */,
				252A44BB2B928A0800C14A20 /* setupProjectTests */,
				252A44C52B928A0800C14A20 /* setupProjectUITests */,
			);
		};
/* End PBXProject section */

/* Begin PBXResourcesBuildPhase section */
		252A44A12B9289FE00C14A20 /* Resources */ = {
			isa = PBXResourcesBuildPhase;
			buildActionMask = 2147483647;
			files = (
				252A44B62B928A0700C14A20 /* LaunchScreen.storyboard in Resources */,
				252A44B32B928A0700C14A20 /* Assets.xcassets in Resources */,
				252A44AE2B9289FF00C14A20 /* Main.storyboard in Resources */,
			);
			runOnlyForDeploymentPostprocessing = 0;
		};
		252A44BA2B928A0800C14A20 /* Resources */ = {
			isa = PBXResourcesBuildPhase;
			buildActionMask = 2147483647;
			files = (
			);
			runOnlyForDeploymentPostprocessing = 0;
		};
		252A44C42B928A0800C14A20 /* Resources */ = {
			isa = PBXResourcesBuildPhase;
			buildActionMask = 2147483647;
			files = (
			);
			runOnlyForDeploymentPostprocessing = 0;
		};
/* End PBXResourcesBuildPhase section */

/* Begin PBXSourcesBuildPhase section */
		252A449F2B9289FE00C14A20 /* Sources */ = {
			isa = PBXSourcesBuildPhase;
			buildActionMask = 2147483647;
			files = (
				252A44AB2B9289FF00C14A20 /* ImagesListViewController.swift in Sources */,
				252A44B12B9289FF00C14A20 /* setupProject.xcdatamodeld in Sources */,
				25A017A52CD94619003B78A0 /* ProfileViewController.swift in Sources */,
				25071E0A2BD70BFE00861B42 /* WebViewController.swift in Sources */,
				25071E0D2BDBE7B700861B42 /* OAuth2Service.swift in Sources */,
				25BFBFCC2BB4D0C6004CB739 /* SingleImageViewController.swift in Sources */,
				25648E752BE3F734008664F4 /* OAuth2TokenStorage.swift in Sources */,
				2567413A2B9A7AA300D50319 /* ImagesListCell.swift in Sources */,
				252A44A72B9289FF00C14A20 /* AppDelegate.swift in Sources */,
				25A277FC2CE4038C007C49A7 /* ImageListService.swift in Sources */,
				25C032EB2BE58EC3007BD6CF /* SplashViewController.swift in Sources */,
				25648E712BE2E6B7008664F4 /* URLSession+data.swift in Sources */,
				252A44A92B9289FF00C14A20 /* SceneDelegate.swift in Sources */,
				25648E732BE3F710008664F4 /* OAuthTokenBody.swift in Sources */,
				25071E072BD6923F00861B42 /* AuthViewController.swift in Sources */,
				25936EEE2C0937C900A0E46D /* ProfileService.swift in Sources */,
				25C032ED2BE7C77B007BD6CF /* AuthViewControllerDelegate.swift in Sources */,
				25E5A3622BD28190003AD836 /* Constants.swift in Sources */,
				25C5BE692C1907F20057CB38 /* ProfileImageService.swift in Sources */,
				259B469F2CDCE04300F96282 /* TabBarController.swift in Sources */,
				25C032EF2BE7C7E5007BD6CF /* WebVIewControllerDelegate.swift in Sources */,
				25BCE7F52C03F33C00A309E5 /* UIBlockingProgressHUD.swift in Sources */,
			);
			runOnlyForDeploymentPostprocessing = 0;
		};
		252A44B82B928A0800C14A20 /* Sources */ = {
			isa = PBXSourcesBuildPhase;
			buildActionMask = 2147483647;
			files = (
				252A44C12B928A0800C14A20 /* setupProjectTests.swift in Sources */,
			);
			runOnlyForDeploymentPostprocessing = 0;
		};
		252A44C22B928A0800C14A20 /* Sources */ = {
			isa = PBXSourcesBuildPhase;
			buildActionMask = 2147483647;
			files = (
				252A44CD2B928A0800C14A20 /* setupProjectUITestsLaunchTests.swift in Sources */,
				252A44CB2B928A0800C14A20 /* setupProjectUITests.swift in Sources */,
			);
			runOnlyForDeploymentPostprocessing = 0;
		};
/* End PBXSourcesBuildPhase section */

/* Begin PBXTargetDependency section */
		252A44BE2B928A0800C14A20 /* PBXTargetDependency */ = {
			isa = PBXTargetDependency;
			target = 252A44A22B9289FE00C14A20 /* setupProject */;
			targetProxy = 252A44BD2B928A0800C14A20 /* PBXContainerItemProxy */;
		};
		252A44C82B928A0800C14A20 /* PBXTargetDependency */ = {
			isa = PBXTargetDependency;
			target = 252A44A22B9289FE00C14A20 /* setupProject */;
			targetProxy = 252A44C72B928A0800C14A20 /* PBXContainerItemProxy */;
		};
/* End PBXTargetDependency section */

/* Begin PBXVariantGroup section */
		252A44AC2B9289FF00C14A20 /* Main.storyboard */ = {
			isa = PBXVariantGroup;
			children = (
				252A44AD2B9289FF00C14A20 /* Base */,
			);
			name = Main.storyboard;
			sourceTree = "<group>";
		};
		252A44B42B928A0700C14A20 /* LaunchScreen.storyboard */ = {
			isa = PBXVariantGroup;
			children = (
				252A44B52B928A0700C14A20 /* Base */,
			);
			name = LaunchScreen.storyboard;
			sourceTree = "<group>";
		};
/* End PBXVariantGroup section */

/* Begin XCBuildConfiguration section */
		252A44CE2B928A0800C14A20 /* Debug */ = {
			isa = XCBuildConfiguration;
			buildSettings = {
				ALWAYS_SEARCH_USER_PATHS = NO;
				ASSETCATALOG_COMPILER_GENERATE_SWIFT_ASSET_SYMBOL_EXTENSIONS = YES;
				CLANG_ANALYZER_NONNULL = YES;
				CLANG_ANALYZER_NUMBER_OBJECT_CONVERSION = YES_AGGRESSIVE;
				CLANG_CXX_LANGUAGE_STANDARD = "gnu++20";
				CLANG_ENABLE_MODULES = YES;
				CLANG_ENABLE_OBJC_ARC = YES;
				CLANG_ENABLE_OBJC_WEAK = YES;
				CLANG_WARN_BLOCK_CAPTURE_AUTORELEASING = YES;
				CLANG_WARN_BOOL_CONVERSION = YES;
				CLANG_WARN_COMMA = YES;
				CLANG_WARN_CONSTANT_CONVERSION = YES;
				CLANG_WARN_DEPRECATED_OBJC_IMPLEMENTATIONS = YES;
				CLANG_WARN_DIRECT_OBJC_ISA_USAGE = YES_ERROR;
				CLANG_WARN_DOCUMENTATION_COMMENTS = YES;
				CLANG_WARN_EMPTY_BODY = YES;
				CLANG_WARN_ENUM_CONVERSION = YES;
				CLANG_WARN_INFINITE_RECURSION = YES;
				CLANG_WARN_INT_CONVERSION = YES;
				CLANG_WARN_NON_LITERAL_NULL_CONVERSION = YES;
				CLANG_WARN_OBJC_IMPLICIT_RETAIN_SELF = YES;
				CLANG_WARN_OBJC_LITERAL_CONVERSION = YES;
				CLANG_WARN_OBJC_ROOT_CLASS = YES_ERROR;
				CLANG_WARN_QUOTED_INCLUDE_IN_FRAMEWORK_HEADER = YES;
				CLANG_WARN_RANGE_LOOP_ANALYSIS = YES;
				CLANG_WARN_STRICT_PROTOTYPES = YES;
				CLANG_WARN_SUSPICIOUS_MOVE = YES;
				CLANG_WARN_UNGUARDED_AVAILABILITY = YES_AGGRESSIVE;
				CLANG_WARN_UNREACHABLE_CODE = YES;
				CLANG_WARN__DUPLICATE_METHOD_MATCH = YES;
				COPY_PHASE_STRIP = NO;
				DEBUG_INFORMATION_FORMAT = dwarf;
				ENABLE_STRICT_OBJC_MSGSEND = YES;
				ENABLE_TESTABILITY = YES;
				ENABLE_USER_SCRIPT_SANDBOXING = YES;
				GCC_C_LANGUAGE_STANDARD = gnu17;
				GCC_DYNAMIC_NO_PIC = NO;
				GCC_NO_COMMON_BLOCKS = YES;
				GCC_OPTIMIZATION_LEVEL = 0;
				GCC_PREPROCESSOR_DEFINITIONS = (
					"DEBUG=1",
					"$(inherited)",
				);
				GCC_WARN_64_TO_32_BIT_CONVERSION = YES;
				GCC_WARN_ABOUT_RETURN_TYPE = YES_ERROR;
				GCC_WARN_UNDECLARED_SELECTOR = YES;
				GCC_WARN_UNINITIALIZED_AUTOS = YES_AGGRESSIVE;
				GCC_WARN_UNUSED_FUNCTION = YES;
				GCC_WARN_UNUSED_VARIABLE = YES;
				IPHONEOS_DEPLOYMENT_TARGET = 13.0;
				LOCALIZATION_PREFERS_STRING_CATALOGS = YES;
				MTL_ENABLE_DEBUG_INFO = INCLUDE_SOURCE;
				MTL_FAST_MATH = YES;
				ONLY_ACTIVE_ARCH = YES;
				SDKROOT = iphoneos;
				SWIFT_ACTIVE_COMPILATION_CONDITIONS = "DEBUG $(inherited)";
				SWIFT_OPTIMIZATION_LEVEL = "-Onone";
			};
			name = Debug;
		};
		252A44CF2B928A0800C14A20 /* Release */ = {
			isa = XCBuildConfiguration;
			buildSettings = {
				ALWAYS_SEARCH_USER_PATHS = NO;
				ASSETCATALOG_COMPILER_GENERATE_SWIFT_ASSET_SYMBOL_EXTENSIONS = YES;
				CLANG_ANALYZER_NONNULL = YES;
				CLANG_ANALYZER_NUMBER_OBJECT_CONVERSION = YES_AGGRESSIVE;
				CLANG_CXX_LANGUAGE_STANDARD = "gnu++20";
				CLANG_ENABLE_MODULES = YES;
				CLANG_ENABLE_OBJC_ARC = YES;
				CLANG_ENABLE_OBJC_WEAK = YES;
				CLANG_WARN_BLOCK_CAPTURE_AUTORELEASING = YES;
				CLANG_WARN_BOOL_CONVERSION = YES;
				CLANG_WARN_COMMA = YES;
				CLANG_WARN_CONSTANT_CONVERSION = YES;
				CLANG_WARN_DEPRECATED_OBJC_IMPLEMENTATIONS = YES;
				CLANG_WARN_DIRECT_OBJC_ISA_USAGE = YES_ERROR;
				CLANG_WARN_DOCUMENTATION_COMMENTS = YES;
				CLANG_WARN_EMPTY_BODY = YES;
				CLANG_WARN_ENUM_CONVERSION = YES;
				CLANG_WARN_INFINITE_RECURSION = YES;
				CLANG_WARN_INT_CONVERSION = YES;
				CLANG_WARN_NON_LITERAL_NULL_CONVERSION = YES;
				CLANG_WARN_OBJC_IMPLICIT_RETAIN_SELF = YES;
				CLANG_WARN_OBJC_LITERAL_CONVERSION = YES;
				CLANG_WARN_OBJC_ROOT_CLASS = YES_ERROR;
				CLANG_WARN_QUOTED_INCLUDE_IN_FRAMEWORK_HEADER = YES;
				CLANG_WARN_RANGE_LOOP_ANALYSIS = YES;
				CLANG_WARN_STRICT_PROTOTYPES = YES;
				CLANG_WARN_SUSPICIOUS_MOVE = YES;
				CLANG_WARN_UNGUARDED_AVAILABILITY = YES_AGGRESSIVE;
				CLANG_WARN_UNREACHABLE_CODE = YES;
				CLANG_WARN__DUPLICATE_METHOD_MATCH = YES;
				COPY_PHASE_STRIP = NO;
				DEBUG_INFORMATION_FORMAT = "dwarf-with-dsym";
				ENABLE_NS_ASSERTIONS = NO;
				ENABLE_STRICT_OBJC_MSGSEND = YES;
				ENABLE_USER_SCRIPT_SANDBOXING = YES;
				GCC_C_LANGUAGE_STANDARD = gnu17;
				GCC_NO_COMMON_BLOCKS = YES;
				GCC_WARN_64_TO_32_BIT_CONVERSION = YES;
				GCC_WARN_ABOUT_RETURN_TYPE = YES_ERROR;
				GCC_WARN_UNDECLARED_SELECTOR = YES;
				GCC_WARN_UNINITIALIZED_AUTOS = YES_AGGRESSIVE;
				GCC_WARN_UNUSED_FUNCTION = YES;
				GCC_WARN_UNUSED_VARIABLE = YES;
				IPHONEOS_DEPLOYMENT_TARGET = 13.0;
				LOCALIZATION_PREFERS_STRING_CATALOGS = YES;
				MTL_ENABLE_DEBUG_INFO = NO;
				MTL_FAST_MATH = YES;
				SDKROOT = iphoneos;
				SWIFT_COMPILATION_MODE = wholemodule;
				VALIDATE_PRODUCT = YES;
			};
			name = Release;
		};
		252A44D12B928A0800C14A20 /* Debug */ = {
			isa = XCBuildConfiguration;
			buildSettings = {
				ASSETCATALOG_COMPILER_APPICON_NAME = AppIcon;
				ASSETCATALOG_COMPILER_GLOBAL_ACCENT_COLOR_NAME = AccentColor;
				CODE_SIGN_IDENTITY = "Apple Development";
				CODE_SIGN_STYLE = Automatic;
				CURRENT_PROJECT_VERSION = 1;
				DEVELOPMENT_TEAM = 2G3Y6QPW69;
				GENERATE_INFOPLIST_FILE = YES;
				INFOPLIST_FILE = setupProject/Info.plist;
				INFOPLIST_KEY_UIApplicationSupportsIndirectInputEvents = YES;
				INFOPLIST_KEY_UILaunchStoryboardName = LaunchScreen;
				INFOPLIST_KEY_UIMainStoryboardFile = Main;
				INFOPLIST_KEY_UISupportedInterfaceOrientations = UIInterfaceOrientationPortrait;
				IPHONEOS_DEPLOYMENT_TARGET = 13.0;
				LD_RUNPATH_SEARCH_PATHS = (
					"$(inherited)",
					"@executable_path/Frameworks",
				);
				MARKETING_VERSION = 1.0;
				PRODUCT_BUNDLE_IDENTIFIER = ilmachine.setupProject;
				PRODUCT_NAME = "$(TARGET_NAME)";
				PROVISIONING_PROFILE_SPECIFIER = "";
				SUPPORTED_PLATFORMS = "iphoneos iphonesimulator";
				SUPPORTS_MACCATALYST = NO;
				SWIFT_EMIT_LOC_STRINGS = YES;
				SWIFT_VERSION = 5.0;
				TARGETED_DEVICE_FAMILY = 1;
			};
			name = Debug;
		};
		252A44D22B928A0800C14A20 /* Release */ = {
			isa = XCBuildConfiguration;
			buildSettings = {
				ASSETCATALOG_COMPILER_APPICON_NAME = AppIcon;
				ASSETCATALOG_COMPILER_GLOBAL_ACCENT_COLOR_NAME = AccentColor;
				CODE_SIGN_IDENTITY = "Apple Development";
				CODE_SIGN_STYLE = Automatic;
				CURRENT_PROJECT_VERSION = 1;
				DEVELOPMENT_TEAM = 2G3Y6QPW69;
				GENERATE_INFOPLIST_FILE = YES;
				INFOPLIST_FILE = setupProject/Info.plist;
				INFOPLIST_KEY_UIApplicationSupportsIndirectInputEvents = YES;
				INFOPLIST_KEY_UILaunchStoryboardName = LaunchScreen;
				INFOPLIST_KEY_UIMainStoryboardFile = Main;
				INFOPLIST_KEY_UISupportedInterfaceOrientations = UIInterfaceOrientationPortrait;
				IPHONEOS_DEPLOYMENT_TARGET = 13.0;
				LD_RUNPATH_SEARCH_PATHS = (
					"$(inherited)",
					"@executable_path/Frameworks",
				);
				MARKETING_VERSION = 1.0;
				PRODUCT_BUNDLE_IDENTIFIER = ilmachine.setupProject;
				PRODUCT_NAME = "$(TARGET_NAME)";
				PROVISIONING_PROFILE_SPECIFIER = "";
				SUPPORTED_PLATFORMS = "iphoneos iphonesimulator";
				SUPPORTS_MACCATALYST = NO;
				SWIFT_EMIT_LOC_STRINGS = YES;
				SWIFT_VERSION = 5.0;
				TARGETED_DEVICE_FAMILY = 1;
			};
			name = Release;
		};
		252A44D42B928A0800C14A20 /* Debug */ = {
			isa = XCBuildConfiguration;
			buildSettings = {
				ALWAYS_EMBED_SWIFT_STANDARD_LIBRARIES = YES;
				BUNDLE_LOADER = "$(TEST_HOST)";
				CODE_SIGN_STYLE = Automatic;
				CURRENT_PROJECT_VERSION = 1;
				DEVELOPMENT_TEAM = 2G3Y6QPW69;
				GENERATE_INFOPLIST_FILE = YES;
				IPHONEOS_DEPLOYMENT_TARGET = 17.0;
				MARKETING_VERSION = 1.0;
				PRODUCT_BUNDLE_IDENTIFIER = ilmachine.setupProjectTests;
				PRODUCT_NAME = "$(TARGET_NAME)";
				SWIFT_EMIT_LOC_STRINGS = NO;
				SWIFT_VERSION = 5.0;
				TARGETED_DEVICE_FAMILY = "1,2";
				TEST_HOST = "$(BUILT_PRODUCTS_DIR)/setupProject.app/$(BUNDLE_EXECUTABLE_FOLDER_PATH)/setupProject";
			};
			name = Debug;
		};
		252A44D52B928A0800C14A20 /* Release */ = {
			isa = XCBuildConfiguration;
			buildSettings = {
				ALWAYS_EMBED_SWIFT_STANDARD_LIBRARIES = YES;
				BUNDLE_LOADER = "$(TEST_HOST)";
				CODE_SIGN_STYLE = Automatic;
				CURRENT_PROJECT_VERSION = 1;
				DEVELOPMENT_TEAM = 2G3Y6QPW69;
				GENERATE_INFOPLIST_FILE = YES;
				IPHONEOS_DEPLOYMENT_TARGET = 17.0;
				MARKETING_VERSION = 1.0;
				PRODUCT_BUNDLE_IDENTIFIER = ilmachine.setupProjectTests;
				PRODUCT_NAME = "$(TARGET_NAME)";
				SWIFT_EMIT_LOC_STRINGS = NO;
				SWIFT_VERSION = 5.0;
				TARGETED_DEVICE_FAMILY = "1,2";
				TEST_HOST = "$(BUILT_PRODUCTS_DIR)/setupProject.app/$(BUNDLE_EXECUTABLE_FOLDER_PATH)/setupProject";
			};
			name = Release;
		};
		252A44D72B928A0800C14A20 /* Debug */ = {
			isa = XCBuildConfiguration;
			buildSettings = {
				ALWAYS_EMBED_SWIFT_STANDARD_LIBRARIES = YES;
				CODE_SIGN_STYLE = Automatic;
				CURRENT_PROJECT_VERSION = 1;
				DEVELOPMENT_TEAM = 2G3Y6QPW69;
				GENERATE_INFOPLIST_FILE = YES;
				MARKETING_VERSION = 1.0;
				PRODUCT_BUNDLE_IDENTIFIER = ilmachine.setupProjectUITests;
				PRODUCT_NAME = "$(TARGET_NAME)";
				SWIFT_EMIT_LOC_STRINGS = NO;
				SWIFT_VERSION = 5.0;
				TARGETED_DEVICE_FAMILY = "1,2";
				TEST_TARGET_NAME = setupProject;
			};
			name = Debug;
		};
		252A44D82B928A0800C14A20 /* Release */ = {
			isa = XCBuildConfiguration;
			buildSettings = {
				ALWAYS_EMBED_SWIFT_STANDARD_LIBRARIES = YES;
				CODE_SIGN_STYLE = Automatic;
				CURRENT_PROJECT_VERSION = 1;
				DEVELOPMENT_TEAM = 2G3Y6QPW69;
				GENERATE_INFOPLIST_FILE = YES;
				MARKETING_VERSION = 1.0;
				PRODUCT_BUNDLE_IDENTIFIER = ilmachine.setupProjectUITests;
				PRODUCT_NAME = "$(TARGET_NAME)";
				SWIFT_EMIT_LOC_STRINGS = NO;
				SWIFT_VERSION = 5.0;
				TARGETED_DEVICE_FAMILY = "1,2";
				TEST_TARGET_NAME = setupProject;
			};
			name = Release;
		};
/* End XCBuildConfiguration section */

/* Begin XCConfigurationList section */
		252A449E2B9289FE00C14A20 /* Build configuration list for PBXProject "setupProject" */ = {
			isa = XCConfigurationList;
			buildConfigurations = (
				252A44CE2B928A0800C14A20 /* Debug */,
				252A44CF2B928A0800C14A20 /* Release */,
			);
			defaultConfigurationIsVisible = 0;
			defaultConfigurationName = Release;
		};
		252A44D02B928A0800C14A20 /* Build configuration list for PBXNativeTarget "setupProject" */ = {
			isa = XCConfigurationList;
			buildConfigurations = (
				252A44D12B928A0800C14A20 /* Debug */,
				252A44D22B928A0800C14A20 /* Release */,
			);
			defaultConfigurationIsVisible = 0;
			defaultConfigurationName = Release;
		};
		252A44D32B928A0800C14A20 /* Build configuration list for PBXNativeTarget "setupProjectTests" */ = {
			isa = XCConfigurationList;
			buildConfigurations = (
				252A44D42B928A0800C14A20 /* Debug */,
				252A44D52B928A0800C14A20 /* Release */,
			);
			defaultConfigurationIsVisible = 0;
			defaultConfigurationName = Release;
		};
		252A44D62B928A0800C14A20 /* Build configuration list for PBXNativeTarget "setupProjectUITests" */ = {
			isa = XCConfigurationList;
			buildConfigurations = (
				252A44D72B928A0800C14A20 /* Debug */,
				252A44D82B928A0800C14A20 /* Release */,
			);
			defaultConfigurationIsVisible = 0;
			defaultConfigurationName = Release;
		};
/* End XCConfigurationList section */

/* Begin XCRemoteSwiftPackageReference section */
		259B46992CDABA4F00F96282 /* XCRemoteSwiftPackageReference "SwiftKeychainWrapper" */ = {
			isa = XCRemoteSwiftPackageReference;
			repositoryURL = "https://github.com/jrendel/SwiftKeychainWrapper";
			requirement = {
				kind = upToNextMajorVersion;
				minimumVersion = 4.0.1;
			};
		};
		259DDEAF2CD94A05003ABBC9 /* XCRemoteSwiftPackageReference "Kingfisher" */ = {
			isa = XCRemoteSwiftPackageReference;
			repositoryURL = "https://github.com/onevcat/Kingfisher";
			requirement = {
				kind = upToNextMajorVersion;
				minimumVersion = 8.1.0;
			};
		};
		25B915A02BFBF90400E265C0 /* XCRemoteSwiftPackageReference "ProgressHUD" */ = {
			isa = XCRemoteSwiftPackageReference;
			repositoryURL = "https://github.com/relatedcode/ProgressHUD";
			requirement = {
				kind = upToNextMajorVersion;
				minimumVersion = 14.1.3;
			};
		};
/* End XCRemoteSwiftPackageReference section */

/* Begin XCSwiftPackageProductDependency section */
		259B469A2CDABA4F00F96282 /* SwiftKeychainWrapper */ = {
			isa = XCSwiftPackageProductDependency;
			package = 259B46992CDABA4F00F96282 /* XCRemoteSwiftPackageReference "SwiftKeychainWrapper" */;
			productName = SwiftKeychainWrapper;
		};
		259DDEB12CD94A94003ABBC9 /* Kingfisher */ = {
			isa = XCSwiftPackageProductDependency;
			package = 259DDEAF2CD94A05003ABBC9 /* XCRemoteSwiftPackageReference "Kingfisher" */;
			productName = Kingfisher;
		};
		25B915A12BFE945400E265C0 /* ProgressHUD */ = {
			isa = XCSwiftPackageProductDependency;
			package = 25B915A02BFBF90400E265C0 /* XCRemoteSwiftPackageReference "ProgressHUD" */;
			productName = ProgressHUD;
		};
/* End XCSwiftPackageProductDependency section */

/* Begin XCVersionGroup section */
		252A44AF2B9289FF00C14A20 /* setupProject.xcdatamodeld */ = {
			isa = XCVersionGroup;
			children = (
				252A44B02B9289FF00C14A20 /* setupProject.xcdatamodel */,
			);
			currentVersion = 252A44B02B9289FF00C14A20 /* setupProject.xcdatamodel */;
			path = setupProject.xcdatamodeld;
			sourceTree = "<group>";
			versionGroupType = wrapper.xcdatamodel;
		};
/* End XCVersionGroup section */
	};
	rootObject = 252A449B2B9289FE00C14A20 /* Project object */;
}
